
Microsoft Visual Studio Solution File, Format Version 12.00
# Visual Studio Version 17
VisualStudioVersion = 17.3.32922.545
MinimumVisualStudioVersion = 10.0.40219.1
Project("{FAE04EC0-301F-11D3-BF4B-00C04F79EFBC}") = "newwebapp", "newwebapp\newwebapp.csproj", "{B06F31CA-D512-4C4E-A3A0-71724CB2A97E}"
EndProject
Global
	GlobalSection(SolutionConfigurationPlatforms) = preSolution
		Debug|Any CPU = Debug|Any CPU
		Release|Any CPU = Release|Any CPU
	EndGlobalSection
	GlobalSection(ProjectConfigurationPlatforms) = postSolution
		{B06F31CA-D512-4C4E-A3A0-71724CB2A97E}.Debug|Any CPU.ActiveCfg = Debug|Any CPU
		{B06F31CA-D512-4C4E-A3A0-71724CB2A97E}.Debug|Any CPU.Build.0 = Debug|Any CPU
		{B06F31CA-D512-4C4E-A3A0-71724CB2A97E}.Release|Any CPU.ActiveCfg = Release|Any CPU
		{B06F31CA-D512-4C4E-A3A0-71724CB2A97E}.Release|Any CPU.Build.0 = Release|Any CPU
	EndGlobalSection
	GlobalSection(SolutionProperties) = preSolution
		HideSolutionNode = FALSE
	EndGlobalSection
	GlobalSection(ExtensibilityGlobals) = postSolution
		SolutionGuid = {153A0162-15E8-43E5-82FC-F7B389538785}
	EndGlobalSection
EndGlobal
